
Microsoft Visual Studio Solution File, Format Version 12.00
# Visual Studio Version 17
VisualStudioVersion = 17.13.35806.99 d17.13
MinimumVisualStudioVersion = 10.0.40219.1
Project("{FAE04EC0-301F-11D3-BF4B-00C04F79EFBC}") = "tpmodul7_kelompok_4", "tpmodul7_kelompok_4\tpmodul7_kelompok_4.csproj", "{65A6BD28-9FBA-46EE-847A-A6DCE29BC7FD}"
EndProject
Global
	GlobalSection(SolutionConfigurationPlatforms) = preSolution
		Debug|Any CPU = Debug|Any CPU
		Release|Any CPU = Release|Any CPU
	EndGlobalSection
	GlobalSection(ProjectConfigurationPlatforms) = postSolution
		{65A6BD28-9FBA-46EE-847A-A6DCE29BC7FD}.Debug|Any CPU.ActiveCfg = Debug|Any CPU
		{65A6BD28-9FBA-46EE-847A-A6DCE29BC7FD}.Debug|Any CPU.Build.0 = Debug|Any CPU
		{65A6BD28-9FBA-46EE-847A-A6DCE29BC7FD}.Release|Any CPU.ActiveCfg = Release|Any CPU
		{65A6BD28-9FBA-46EE-847A-A6DCE29BC7FD}.Release|Any CPU.Build.0 = Release|Any CPU
	EndGlobalSection
	GlobalSection(SolutionProperties) = preSolution
		HideSolutionNode = FALSE
	EndGlobalSection
	GlobalSection(ExtensibilityGlobals) = postSolution
		SolutionGuid = {937CE5F3-64DC-44C0-9919-112F67A35959}
	EndGlobalSection
EndGlobal
